Microsoft Visual Studio Solution File, Format Version 12.00
# Visual Studio Version 17
VisualStudioVersion = 17.5.2.0
MinimumVisualStudioVersion = 10.0.40219.1
Project("{FAE04EC0-301F-11D3-BF4B-00C04F79EFBC}") = "Library_pet", "Library_pet.csproj", "{DF3F7FBC-A311-EC2D-EE51-2C4C19E30263}"
EndProject
Global
	GlobalSection(SolutionConfigurationPlatforms) = preSolution
		Debug|Any CPU = Debug|Any CPU
		Release|Any CPU = Release|Any CPU
	EndGlobalSection
	GlobalSection(ProjectConfigurationPlatforms) = postSolution
		{DF3F7FBC-A311-EC2D-EE51-2C4C19E30263}.Debug|Any CPU.ActiveCfg = Debug|Any CPU
		{DF3F7FBC-A311-EC2D-EE51-2C4C19E30263}.Debug|Any CPU.Build.0 = Debug|Any CPU
		{DF3F7FBC-A311-EC2D-EE51-2C4C19E30263}.Release|Any CPU.ActiveCfg = Release|Any CPU
		{DF3F7FBC-A311-EC2D-EE51-2C4C19E30263}.Release|Any CPU.Build.0 = Release|Any CPU
	EndGlobalSection
	GlobalSection(SolutionProperties) = preSolution
		HideSolutionNode = FALSE
	EndGlobalSection
	GlobalSection(ExtensibilityGlobals) = postSolution
		SolutionGuid = {8FC5296C-0BFA-4162-BBB6-D2122B681A9B}
	EndGlobalSection
EndGlobal
